
Microsoft Visual Studio Solution File, Format Version 12.00
# Visual Studio Version 17
VisualStudioVersion = 17.3.32811.315
MinimumVisualStudioVersion = 10.0.40219.1
Project("{FAE04EC0-301F-11D3-BF4B-00C04F79EFBC}") = "lista 10", "lista 10\lista 10.csproj", "{06762433-82A8-4690-A054-FAF419FDD814}"
EndProject
Global
	GlobalSection(SolutionConfigurationPlatforms) = preSolution
		Debug|Any CPU = Debug|Any CPU
		Release|Any CPU = Release|Any CPU
	EndGlobalSection
	GlobalSection(ProjectConfigurationPlatforms) = postSolution
		{06762433-82A8-4690-A054-FAF419FDD814}.Debug|Any CPU.ActiveCfg = Debug|Any CPU
		{06762433-82A8-4690-A054-FAF419FDD814}.Debug|Any CPU.Build.0 = Debug|Any CPU
		{06762433-82A8-4690-A054-FAF419FDD814}.Release|Any CPU.ActiveCfg = Release|Any CPU
		{06762433-82A8-4690-A054-FAF419FDD814}.Release|Any CPU.Build.0 = Release|Any CPU
	EndGlobalSection
	GlobalSection(SolutionProperties) = preSolution
		HideSolutionNode = FALSE
	EndGlobalSection
	GlobalSection(ExtensibilityGlobals) = postSolution
		SolutionGuid = {C6611C9A-8C4D-427A-A36A-7568C5AB8155}
	EndGlobalSection
EndGlobal
